Microsoft Visual Studio Solution File, Format Version 12.00
# Visual Studio Version 17
VisualStudioVersion = 17.8.32922.545
MinimumVisualStudioVersion = 10.0.40219.1
Project("{2150E333-8FDC-42A3-9474-1A3956D46DE8}") = "src", "src", "{02EA681E-C7D8-13C7-8484-4AC65E1B71E8}"
EndProject
Project("{2150E333-8FDC-42A3-9474-1A3956D46DE8}") = "Modules", "Modules", "{2C26B994-A45E-4574-883F-D60601DDC4B0}"
	ProjectSection(SolutionItems) = preProject
		Manifest.cs = Manifest.cs
	EndProjectSection
EndProject
Project("{FAE04EC0-301F-11D3-BF4B-00C04F79EFBC}") = "ExternalAuth.AzureAD", "src\Modules\ExternalAuth.AzureAD\ExternalAuth.AzureAD.csproj", "{2E07A685-C67D-1AA8-2C12-8005B58314A1}"
EndProject
Project("{FAE04EC0-301F-11D3-BF4B-00C04F79EFBC}") = "Identity", "src\Modules\Identity\Identity.csproj", "{2DAAB161-9B5E-13EA-89F1-85086439141C}"
EndProject
Project("{FAE04EC0-301F-11D3-BF4B-00C04F79EFBC}") = "Lucene", "src\Modules\Lucene\Lucene.csproj", "{D3B4B4AB-D15E-BB93-A8F4-C263E2C761F0}"
EndProject
Project("{FAE04EC0-301F-11D3-BF4B-00C04F79EFBC}") = "RedisCache", "src\Modules\RedisCache\RedisCache.csproj", "{F3DBDD59-D68E-73E0-E2FF-C389105B0628}"
EndProject
Project("{FAE04EC0-301F-11D3-BF4B-00C04F79EFBC}") = "Resources", "src\Modules\Resources\Resources.csproj", "{B8390832-26CF-CF4D-9A23-C007662208FE}"
EndProject
Project("{FAE04EC0-301F-11D3-BF4B-00C04F79EFBC}") = "Settings", "src\Modules\Settings\Settings.csproj", "{D2566A51-69D2-5AC6-19E4-B522636F2293}"
EndProject
Project("{FAE04EC0-301F-11D3-BF4B-00C04F79EFBC}") = "TenantManagement", "src\Modules\TenantManagement\TenantManagement.csproj", "{BC47DA9D-BB64-9EA5-9E12-2D0A589554F0}"
EndProject
Project("{2150E333-8FDC-42A3-9474-1A3956D46DE8}") = "OrchardApp.Host", "OrchardApp.Host", "{3513BB6D-747F-4CB0-BBDC-B62740D55CE4}"
EndProject
Project("{FAE04EC0-301F-11D3-BF4B-00C04F79EFBC}") = "OrchardApp.Host", "src\OrchardApp.Host\OrchardApp.Host.csproj", "{1CD7968B-81BF-B6AD-AA9E-0B938B17532D}"
EndProject
Project("{2150E333-8FDC-42A3-9474-1A3956D46DE8}") = "Themes", "Themes", "{2EFFFDB8-7E33-4683-9913-949BB32C9D7B}"
	ProjectSection(SolutionItems) = preProject
		src\Themes\Admin.Alt\Admin.Alt.csproj = src\Themes\Admin.Alt\Admin.Alt.csproj
	EndProjectSection
EndProject
Project("{FAE04EC0-301F-11D3-BF4B-00C04F79EFBC}") = "Admin.Default", "src\Themes\Admin.Default\Admin.Default.csproj", "{67792705-FDAE-8335-1AE9-F5B51D482342}"
EndProject
Project("{FAE04EC0-301F-11D3-BF4B-00C04F79EFBC}") = "Frontend.Default", "src\Themes\Frontend.Default\Frontend.Default.csproj", "{EEE1B211-CF97-D852-6F29-9293DC445D21}"
EndProject
Project("{FAE04EC0-301F-11D3-BF4B-00C04F79EFBC}") = "Orchard.ModuleBase", "Orchard.ModuleBase\Orchard.ModuleBase.csproj", "{793314EB-75A7-4B13-BFEC-B44578309E5D}"
EndProject
Project("{FAE04EC0-301F-11D3-BF4B-00C04F79EFBC}") = "Orchard.Setup", "Orchard.Setup\Orchard.Setup.csproj", "{730F67A2-2DC0-4757-8381-81445AC88B9A}"
EndProject
Global
	GlobalSection(SolutionConfigurationPlatforms) = preSolution
		Debug|Any CPU = Debug|Any CPU
		Release|Any CPU = Release|Any CPU
	EndGlobalSection
	GlobalSection(ProjectConfigurationPlatforms) = postSolution
		{2E07A685-C67D-1AA8-2C12-8005B58314A1}.Debug|Any CPU.ActiveCfg = Debug|Any CPU
		{2E07A685-C67D-1AA8-2C12-8005B58314A1}.Debug|Any CPU.Build.0 = Debug|Any CPU
		{2E07A685-C67D-1AA8-2C12-8005B58314A1}.Release|Any CPU.ActiveCfg = Release|Any CPU
		{2E07A685-C67D-1AA8-2C12-8005B58314A1}.Release|Any CPU.Build.0 = Release|Any CPU
		{2DAAB161-9B5E-13EA-89F1-85086439141C}.Debug|Any CPU.ActiveCfg = Debug|Any CPU
		{2DAAB161-9B5E-13EA-89F1-85086439141C}.Debug|Any CPU.Build.0 = Debug|Any CPU
		{2DAAB161-9B5E-13EA-89F1-85086439141C}.Release|Any CPU.ActiveCfg = Release|Any CPU
		{2DAAB161-9B5E-13EA-89F1-85086439141C}.Release|Any CPU.Build.0 = Release|Any CPU
		{D3B4B4AB-D15E-BB93-A8F4-C263E2C761F0}.Debug|Any CPU.ActiveCfg = Debug|Any CPU
		{D3B4B4AB-D15E-BB93-A8F4-C263E2C761F0}.Debug|Any CPU.Build.0 = Debug|Any CPU
		{D3B4B4AB-D15E-BB93-A8F4-C263E2C761F0}.Release|Any CPU.ActiveCfg = Release|Any CPU
		{D3B4B4AB-D15E-BB93-A8F4-C263E2C761F0}.Release|Any CPU.Build.0 = Release|Any CPU
		{F3DBDD59-D68E-73E0-E2FF-C389105B0628}.Debug|Any CPU.ActiveCfg = Debug|Any CPU
		{F3DBDD59-D68E-73E0-E2FF-C389105B0628}.Debug|Any CPU.Build.0 = Debug|Any CPU
		{F3DBDD59-D68E-73E0-E2FF-C389105B0628}.Release|Any CPU.ActiveCfg = Release|Any CPU
		{F3DBDD59-D68E-73E0-E2FF-C389105B0628}.Release|Any CPU.Build.0 = Release|Any CPU
		{B8390832-26CF-CF4D-9A23-C007662208FE}.Debug|Any CPU.ActiveCfg = Debug|Any CPU
		{B8390832-26CF-CF4D-9A23-C007662208FE}.Debug|Any CPU.Build.0 = Debug|Any CPU
		{B8390832-26CF-CF4D-9A23-C007662208FE}.Release|Any CPU.ActiveCfg = Release|Any CPU
		{B8390832-26CF-CF4D-9A23-C007662208FE}.Release|Any CPU.Build.0 = Release|Any CPU
		{D2566A51-69D2-5AC6-19E4-B522636F2293}.Debug|Any CPU.ActiveCfg = Debug|Any CPU
		{D2566A51-69D2-5AC6-19E4-B522636F2293}.Debug|Any CPU.Build.0 = Debug|Any CPU
		{D2566A51-69D2-5AC6-19E4-B522636F2293}.Release|Any CPU.ActiveCfg = Release|Any CPU
		{D2566A51-69D2-5AC6-19E4-B522636F2293}.Release|Any CPU.Build.0 = Release|Any CPU
		{BC47DA9D-BB64-9EA5-9E12-2D0A589554F0}.Debug|Any CPU.ActiveCfg = Debug|Any CPU
		{BC47DA9D-BB64-9EA5-9E12-2D0A589554F0}.Debug|Any CPU.Build.0 = Debug|Any CPU
		{BC47DA9D-BB64-9EA5-9E12-2D0A589554F0}.Release|Any CPU.ActiveCfg = Release|Any CPU
		{BC47DA9D-BB64-9EA5-9E12-2D0A589554F0}.Release|Any CPU.Build.0 = Release|Any CPU
		{1CD7968B-81BF-B6AD-AA9E-0B938B17532D}.Debug|Any CPU.ActiveCfg = Debug|Any CPU
		{1CD7968B-81BF-B6AD-AA9E-0B938B17532D}.Debug|Any CPU.Build.0 = Debug|Any CPU
		{1CD7968B-81BF-B6AD-AA9E-0B938B17532D}.Release|Any CPU.ActiveCfg = Release|Any CPU
		{1CD7968B-81BF-B6AD-AA9E-0B938B17532D}.Release|Any CPU.Build.0 = Release|Any CPU
		{67792705-FDAE-8335-1AE9-F5B51D482342}.Debug|Any CPU.ActiveCfg = Debug|Any CPU
		{67792705-FDAE-8335-1AE9-F5B51D482342}.Debug|Any CPU.Build.0 = Debug|Any CPU
		{67792705-FDAE-8335-1AE9-F5B51D482342}.Release|Any CPU.ActiveCfg = Release|Any CPU
		{67792705-FDAE-8335-1AE9-F5B51D482342}.Release|Any CPU.Build.0 = Release|Any CPU
		{EEE1B211-CF97-D852-6F29-9293DC445D21}.Debug|Any CPU.ActiveCfg = Debug|Any CPU
		{EEE1B211-CF97-D852-6F29-9293DC445D21}.Debug|Any CPU.Build.0 = Debug|Any CPU
		{EEE1B211-CF97-D852-6F29-9293DC445D21}.Release|Any CPU.ActiveCfg = Release|Any CPU
		{EEE1B211-CF97-D852-6F29-9293DC445D21}.Release|Any CPU.Build.0 = Release|Any CPU
		{793314EB-75A7-4B13-BFEC-B44578309E5D}.Debug|Any CPU.ActiveCfg = Debug|Any CPU
		{793314EB-75A7-4B13-BFEC-B44578309E5D}.Debug|Any CPU.Build.0 = Debug|Any CPU
		{793314EB-75A7-4B13-BFEC-B44578309E5D}.Release|Any CPU.ActiveCfg = Release|Any CPU
		{793314EB-75A7-4B13-BFEC-B44578309E5D}.Release|Any CPU.Build.0 = Release|Any CPU
		{730F67A2-2DC0-4757-8381-81445AC88B9A}.Debug|Any CPU.ActiveCfg = Debug|Any CPU
		{730F67A2-2DC0-4757-8381-81445AC88B9A}.Debug|Any CPU.Build.0 = Debug|Any CPU
		{730F67A2-2DC0-4757-8381-81445AC88B9A}.Release|Any CPU.ActiveCfg = Release|Any CPU
		{730F67A2-2DC0-4757-8381-81445AC88B9A}.Release|Any CPU.Build.0 = Release|Any CPU
	EndGlobalSection
	GlobalSection(SolutionProperties) = preSolution
		HideSolutionNode = FALSE
	EndGlobalSection
	GlobalSection(NestedProjects) = preSolution
		{2C26B994-A45E-4574-883F-D60601DDC4B0} = {02EA681E-C7D8-13C7-8484-4AC65E1B71E8}
		{2E07A685-C67D-1AA8-2C12-8005B58314A1} = {2C26B994-A45E-4574-883F-D60601DDC4B0}
		{2DAAB161-9B5E-13EA-89F1-85086439141C} = {2C26B994-A45E-4574-883F-D60601DDC4B0}
		{D3B4B4AB-D15E-BB93-A8F4-C263E2C761F0} = {2C26B994-A45E-4574-883F-D60601DDC4B0}
		{F3DBDD59-D68E-73E0-E2FF-C389105B0628} = {2C26B994-A45E-4574-883F-D60601DDC4B0}
		{B8390832-26CF-CF4D-9A23-C007662208FE} = {2C26B994-A45E-4574-883F-D60601DDC4B0}
		{D2566A51-69D2-5AC6-19E4-B522636F2293} = {2C26B994-A45E-4574-883F-D60601DDC4B0}
		{BC47DA9D-BB64-9EA5-9E12-2D0A589554F0} = {2C26B994-A45E-4574-883F-D60601DDC4B0}
		{3513BB6D-747F-4CB0-BBDC-B62740D55CE4} = {02EA681E-C7D8-13C7-8484-4AC65E1B71E8}
		{1CD7968B-81BF-B6AD-AA9E-0B938B17532D} = {3513BB6D-747F-4CB0-BBDC-B62740D55CE4}
		{2EFFFDB8-7E33-4683-9913-949BB32C9D7B} = {02EA681E-C7D8-13C7-8484-4AC65E1B71E8}
		{67792705-FDAE-8335-1AE9-F5B51D482342} = {2EFFFDB8-7E33-4683-9913-949BB32C9D7B}
		{EEE1B211-CF97-D852-6F29-9293DC445D21} = {2EFFFDB8-7E33-4683-9913-949BB32C9D7B}
		{793314EB-75A7-4B13-BFEC-B44578309E5D} = {02EA681E-C7D8-13C7-8484-4AC65E1B71E8}
		{730F67A2-2DC0-4757-8381-81445AC88B9A} = {2C26B994-A45E-4574-883F-D60601DDC4B0}
	EndGlobalSection
	GlobalSection(ExtensibilityGlobals) = postSolution
		SolutionGuid = {5C1D09DE-2CF9-4DBE-B183-AF3387FC5CB4}
	EndGlobalSection
EndGlobal
